
Microsoft Visual Studio Solution File, Format Version 12.00
# Visual Studio Version 17
VisualStudioVersion = 17.6.33829.357
MinimumVisualStudioVersion = 10.0.40219.1
Project("{9A19103F-16F7-4668-BE54-9A1E7A4F7556}") = "JavidHWRace21", "JavidHWRace21\JavidHWRace21.csproj", "{665BC726-C7D0-4A71-B30B-354E962CA39A}"
EndProject
Global
	GlobalSection(SolutionConfigurationPlatforms) = preSolution
		Debug|Any CPU = Debug|Any CPU
		Release|Any CPU = Release|Any CPU
	EndGlobalSection
	GlobalSection(ProjectConfigurationPlatforms) = postSolution
		{665BC726-C7D0-4A71-B30B-354E962CA39A}.Debug|Any CPU.ActiveCfg = Debug|Any CPU
		{665BC726-C7D0-4A71-B30B-354E962CA39A}.Debug|Any CPU.Build.0 = Debug|Any CPU
		{665BC726-C7D0-4A71-B30B-354E962CA39A}.Release|Any CPU.ActiveCfg = Release|Any CPU
		{665BC726-C7D0-4A71-B30B-354E962CA39A}.Release|Any CPU.Build.0 = Release|Any CPU
	EndGlobalSection
	GlobalSection(SolutionProperties) = preSolution
		HideSolutionNode = FALSE
	EndGlobalSection
	GlobalSection(ExtensibilityGlobals) = postSolution
		SolutionGuid = {710C6E8F-270F-4914-905C-5CC9F9ED1C31}
	EndGlobalSection
EndGlobal
